
Microsoft Visual Studio Solution File, Format Version 12.00
# Visual Studio Version 17
VisualStudioVersion = 17.6.33829.357
MinimumVisualStudioVersion = 10.0.40219.1
Project("{FAE04EC0-301F-11D3-BF4B-00C04F79EFBC}") = "WebApi", "WebApi\WebApi.csproj", "{73FF5E39-32D3-4C6E-97AE-0144FC714F50}"
EndProject
Project("{FAE04EC0-301F-11D3-BF4B-00C04F79EFBC}") = "Persistence", "Persistence\Persistence.csproj", "{26230D52-F7A3-4330-B4BE-C7C38456EDC2}"
EndProject
Project("{FAE04EC0-301F-11D3-BF4B-00C04F79EFBC}") = "Domain", "Domain\Domain.csproj", "{62549D9C-C3C9-4100-A1F4-F756229D11B4}"
EndProject
Project("{FAE04EC0-301F-11D3-BF4B-00C04F79EFBC}") = "Application", "Application\Application.csproj", "{8C25EEED-8BC7-43AB-B220-1071F89C43A5}"
EndProject
Project("{FAE04EC0-301F-11D3-BF4B-00C04F79EFBC}") = "Infrastructure", "Infrastructure\Infrastructure.csproj", "{F8DB2C6E-F152-40F1-9BF3-310E1BCADF25}"
EndProject
Global
	GlobalSection(SolutionConfigurationPlatforms) = preSolution
		Debug|Any CPU = Debug|Any CPU
		Release|Any CPU = Release|Any CPU
	EndGlobalSection
	GlobalSection(ProjectConfigurationPlatforms) = postSolution
		{73FF5E39-32D3-4C6E-97AE-0144FC714F50}.Debug|Any CPU.ActiveCfg = Debug|Any CPU
		{73FF5E39-32D3-4C6E-97AE-0144FC714F50}.Debug|Any CPU.Build.0 = Debug|Any CPU
		{73FF5E39-32D3-4C6E-97AE-0144FC714F50}.Release|Any CPU.ActiveCfg = Release|Any CPU
		{73FF5E39-32D3-4C6E-97AE-0144FC714F50}.Release|Any CPU.Build.0 = Release|Any CPU
		{26230D52-F7A3-4330-B4BE-C7C38456EDC2}.Debug|Any CPU.ActiveCfg = Debug|Any CPU
		{26230D52-F7A3-4330-B4BE-C7C38456EDC2}.Debug|Any CPU.Build.0 = Debug|Any CPU
		{26230D52-F7A3-4330-B4BE-C7C38456EDC2}.Release|Any CPU.ActiveCfg = Release|Any CPU
		{26230D52-F7A3-4330-B4BE-C7C38456EDC2}.Release|Any CPU.Build.0 = Release|Any CPU
		{62549D9C-C3C9-4100-A1F4-F756229D11B4}.Debug|Any CPU.ActiveCfg = Debug|Any CPU
		{62549D9C-C3C9-4100-A1F4-F756229D11B4}.Debug|Any CPU.Build.0 = Debug|Any CPU
		{62549D9C-C3C9-4100-A1F4-F756229D11B4}.Release|Any CPU.ActiveCfg = Release|Any CPU
		{62549D9C-C3C9-4100-A1F4-F756229D11B4}.Release|Any CPU.Build.0 = Release|Any CPU
		{8C25EEED-8BC7-43AB-B220-1071F89C43A5}.Debug|Any CPU.ActiveCfg = Debug|Any CPU
		{8C25EEED-8BC7-43AB-B220-1071F89C43A5}.Debug|Any CPU.Build.0 = Debug|Any CPU
		{8C25EEED-8BC7-43AB-B220-1071F89C43A5}.Release|Any CPU.ActiveCfg = Release|Any CPU
		{8C25EEED-8BC7-43AB-B220-1071F89C43A5}.Release|Any CPU.Build.0 = Release|Any CPU
		{F8DB2C6E-F152-40F1-9BF3-310E1BCADF25}.Debug|Any CPU.ActiveCfg = Debug|Any CPU
		{F8DB2C6E-F152-40F1-9BF3-310E1BCADF25}.Debug|Any CPU.Build.0 = Debug|Any CPU
		{F8DB2C6E-F152-40F1-9BF3-310E1BCADF25}.Release|Any CPU.ActiveCfg = Release|Any CPU
		{F8DB2C6E-F152-40F1-9BF3-310E1BCADF25}.Release|Any CPU.Build.0 = Release|Any CPU
	EndGlobalSection
	GlobalSection(SolutionProperties) = preSolution
		HideSolutionNode = FALSE
	EndGlobalSection
	GlobalSection(ExtensibilityGlobals) = postSolution
		SolutionGuid = {747C681F-A54F-4890-9287-10201FDF9BF5}
	EndGlobalSection
EndGlobal
